
Microsoft Visual Studio Solution File, Format Version 12.00
# Visual Studio Version 17
VisualStudioVersion = 17.14.36414.22 d17.14
MinimumVisualStudioVersion = 10.0.40219.1
Project("{FAE04EC0-301F-11D3-BF4B-00C04F79EFBC}") = "Zone Radio", "Zone Radio.csproj", "{186662EB-5954-4557-9556-34D14B055E93}"
EndProject
Global
	GlobalSection(SolutionConfigurationPlatforms) = preSolution
		Debug|Any CPU = Debug|Any CPU
		Release|Any CPU = Release|Any CPU
	EndGlobalSection
	GlobalSection(ProjectConfigurationPlatforms) = postSolution
		{186662EB-5954-4557-9556-34D14B055E93}.Debug|Any CPU.ActiveCfg = Debug|Any CPU
		{186662EB-5954-4557-9556-34D14B055E93}.Debug|Any CPU.Build.0 = Debug|Any CPU
		{186662EB-5954-4557-9556-34D14B055E93}.Release|Any CPU.ActiveCfg = Release|Any CPU
		{186662EB-5954-4557-9556-34D14B055E93}.Release|Any CPU.Build.0 = Release|Any CPU
	EndGlobalSection
	GlobalSection(SolutionProperties) = preSolution
		HideSolutionNode = FALSE
	EndGlobalSection
	GlobalSection(ExtensibilityGlobals) = postSolution
		SolutionGuid = {3B5A0D8F-5268-4557-ACD4-AA0ED5B90CF5}
	EndGlobalSection
EndGlobal
